
Microsoft Visual Studio Solution File, Format Version 12.00
# Visual Studio Version 17
VisualStudioVersion = 17.0.31903.59
MinimumVisualStudioVersion = 10.0.40219.1
Project("{FAE04EC0-301F-11D3-BF4B-00C04F79EFBC}") = "SGE.Dominio", "SGE.Dominio\SGE.Dominio.csproj", "{4405635D-6D94-4020-8FC6-FC7CEA67FB7A}"
EndProject
Project("{FAE04EC0-301F-11D3-BF4B-00C04F79EFBC}") = "SGE.Aplicacion", "SGE.Aplicacion\SGE.Aplicacion.csproj", "{273EE653-D318-43E1-8D7A-57F59B7C3831}"
EndProject
Project("{FAE04EC0-301F-11D3-BF4B-00C04F79EFBC}") = "SGE.Infraestructura", "SGE.Infraestructura\SGE.Infraestructura.csproj", "{FCC9B637-C849-4FC1-902A-86809FD3E88A}"
EndProject
Project("{FAE04EC0-301F-11D3-BF4B-00C04F79EFBC}") = "SGE.Consola", "SGE.Consola\SGE.Consola.csproj", "{1CAE38A7-3674-4F0D-92CF-B251FED3A372}"
EndProject
Global
	GlobalSection(SolutionConfigurationPlatforms) = preSolution
		Debug|Any CPU = Debug|Any CPU
		Debug|x64 = Debug|x64
		Debug|x86 = Debug|x86
		Release|Any CPU = Release|Any CPU
		Release|x64 = Release|x64
		Release|x86 = Release|x86
	EndGlobalSection
	GlobalSection(ProjectConfigurationPlatforms) = postSolution
		{4405635D-6D94-4020-8FC6-FC7CEA67FB7A}.Debug|Any CPU.ActiveCfg = Debug|Any CPU
		{4405635D-6D94-4020-8FC6-FC7CEA67FB7A}.Debug|Any CPU.Build.0 = Debug|Any CPU
		{4405635D-6D94-4020-8FC6-FC7CEA67FB7A}.Debug|x64.ActiveCfg = Debug|Any CPU
		{4405635D-6D94-4020-8FC6-FC7CEA67FB7A}.Debug|x64.Build.0 = Debug|Any CPU
		{4405635D-6D94-4020-8FC6-FC7CEA67FB7A}.Debug|x86.ActiveCfg = Debug|Any CPU
		{4405635D-6D94-4020-8FC6-FC7CEA67FB7A}.Debug|x86.Build.0 = Debug|Any CPU
		{4405635D-6D94-4020-8FC6-FC7CEA67FB7A}.Release|Any CPU.ActiveCfg = Release|Any CPU
		{4405635D-6D94-4020-8FC6-FC7CEA67FB7A}.Release|Any CPU.Build.0 = Release|Any CPU
		{4405635D-6D94-4020-8FC6-FC7CEA67FB7A}.Release|x64.ActiveCfg = Release|Any CPU
		{4405635D-6D94-4020-8FC6-FC7CEA67FB7A}.Release|x64.Build.0 = Release|Any CPU
		{4405635D-6D94-4020-8FC6-FC7CEA67FB7A}.Release|x86.ActiveCfg = Release|Any CPU
		{4405635D-6D94-4020-8FC6-FC7CEA67FB7A}.Release|x86.Build.0 = Release|Any CPU
		{273EE653-D318-43E1-8D7A-57F59B7C3831}.Debug|Any CPU.ActiveCfg = Debug|Any CPU
		{273EE653-D318-43E1-8D7A-57F59B7C3831}.Debug|Any CPU.Build.0 = Debug|Any CPU
		{273EE653-D318-43E1-8D7A-57F59B7C3831}.Debug|x64.ActiveCfg = Debug|Any CPU
		{273EE653-D318-43E1-8D7A-57F59B7C3831}.Debug|x64.Build.0 = Debug|Any CPU
		{273EE653-D318-43E1-8D7A-57F59B7C3831}.Debug|x86.ActiveCfg = Debug|Any CPU
		{273EE653-D318-43E1-8D7A-57F59B7C3831}.Debug|x86.Build.0 = Debug|Any CPU
		{273EE653-D318-43E1-8D7A-57F59B7C3831}.Release|Any CPU.ActiveCfg = Release|Any CPU
		{273EE653-D318-43E1-8D7A-57F59B7C3831}.Release|Any CPU.Build.0 = Release|Any CPU
		{273EE653-D318-43E1-8D7A-57F59B7C3831}.Release|x64.ActiveCfg = Release|Any CPU
		{273EE653-D318-43E1-8D7A-57F59B7C3831}.Release|x64.Build.0 = Release|Any CPU
		{273EE653-D318-43E1-8D7A-57F59B7C3831}.Release|x86.ActiveCfg = Release|Any CPU
		{273EE653-D318-43E1-8D7A-57F59B7C3831}.Release|x86.Build.0 = Release|Any CPU
		{FCC9B637-C849-4FC1-902A-86809FD3E88A}.Debug|Any CPU.ActiveCfg = Debug|Any CPU
		{FCC9B637-C849-4FC1-902A-86809FD3E88A}.Debug|Any CPU.Build.0 = Debug|Any CPU
		{FCC9B637-C849-4FC1-902A-86809FD3E88A}.Debug|x64.ActiveCfg = Debug|Any CPU
		{FCC9B637-C849-4FC1-902A-86809FD3E88A}.Debug|x64.Build.0 = Debug|Any CPU
		{FCC9B637-C849-4FC1-902A-86809FD3E88A}.Debug|x86.ActiveCfg = Debug|Any CPU
		{FCC9B637-C849-4FC1-902A-86809FD3E88A}.Debug|x86.Build.0 = Debug|Any CPU
		{FCC9B637-C849-4FC1-902A-86809FD3E88A}.Release|Any CPU.ActiveCfg = Release|Any CPU
		{FCC9B637-C849-4FC1-902A-86809FD3E88A}.Release|Any CPU.Build.0 = Release|Any CPU
		{FCC9B637-C849-4FC1-902A-86809FD3E88A}.Release|x64.ActiveCfg = Release|Any CPU
		{FCC9B637-C849-4FC1-902A-86809FD3E88A}.Release|x64.Build.0 = Release|Any CPU
		{FCC9B637-C849-4FC1-902A-86809FD3E88A}.Release|x86.ActiveCfg = Release|Any CPU
		{FCC9B637-C849-4FC1-902A-86809FD3E88A}.Release|x86.Build.0 = Release|Any CPU
		{1CAE38A7-3674-4F0D-92CF-B251FED3A372}.Debug|Any CPU.ActiveCfg = Debug|Any CPU
		{1CAE38A7-3674-4F0D-92CF-B251FED3A372}.Debug|Any CPU.Build.0 = Debug|Any CPU
		{1CAE38A7-3674-4F0D-92CF-B251FED3A372}.Debug|x64.ActiveCfg = Debug|Any CPU
		{1CAE38A7-3674-4F0D-92CF-B251FED3A372}.Debug|x64.Build.0 = Debug|Any CPU
		{1CAE38A7-3674-4F0D-92CF-B251FED3A372}.Debug|x86.ActiveCfg = Debug|Any CPU
		{1CAE38A7-3674-4F0D-92CF-B251FED3A372}.Debug|x86.Build.0 = Debug|Any CPU
		{1CAE38A7-3674-4F0D-92CF-B251FED3A372}.Release|Any CPU.ActiveCfg = Release|Any CPU
		{1CAE38A7-3674-4F0D-92CF-B251FED3A372}.Release|Any CPU.Build.0 = Release|Any CPU
		{1CAE38A7-3674-4F0D-92CF-B251FED3A372}.Release|x64.ActiveCfg = Release|Any CPU
		{1CAE38A7-3674-4F0D-92CF-B251FED3A372}.Release|x64.Build.0 = Release|Any CPU
		{1CAE38A7-3674-4F0D-92CF-B251FED3A372}.Release|x86.ActiveCfg = Release|Any CPU
		{1CAE38A7-3674-4F0D-92CF-B251FED3A372}.Release|x86.Build.0 = Release|Any CPU
	EndGlobalSection
	GlobalSection(SolutionProperties) = preSolution
		HideSolutionNode = FALSE
	EndGlobalSection
EndGlobal
